
Microsoft Visual Studio Solution File, Format Version 12.00
# Visual Studio Version 17
VisualStudioVersion = 17.6.33723.286
MinimumVisualStudioVersion = 10.0.40219.1
Project("{FAE04EC0-301F-11D3-BF4B-00C04F79EFBC}") = "algorithms-lab1", "algorithms-lab1\algorithms-lab1.csproj", "{787EF248-BC9D-45A0-8EE5-3D0AD37CD7FB}"
EndProject
Global
	GlobalSection(SolutionConfigurationPlatforms) = preSolution
		Debug|Any CPU = Debug|Any CPU
		Release|Any CPU = Release|Any CPU
	EndGlobalSection
	GlobalSection(ProjectConfigurationPlatforms) = postSolution
		{787EF248-BC9D-45A0-8EE5-3D0AD37CD7FB}.Debug|Any CPU.ActiveCfg = Debug|Any CPU
		{787EF248-BC9D-45A0-8EE5-3D0AD37CD7FB}.Debug|Any CPU.Build.0 = Debug|Any CPU
		{787EF248-BC9D-45A0-8EE5-3D0AD37CD7FB}.Release|Any CPU.ActiveCfg = Release|Any CPU
		{787EF248-BC9D-45A0-8EE5-3D0AD37CD7FB}.Release|Any CPU.Build.0 = Release|Any CPU
	EndGlobalSection
	GlobalSection(SolutionProperties) = preSolution
		HideSolutionNode = FALSE
	EndGlobalSection
	GlobalSection(ExtensibilityGlobals) = postSolution
		SolutionGuid = {94D9D376-DB28-4F68-9412-83307CE28249}
	EndGlobalSection
EndGlobal
